{
  "version": 4,
  "terraform_version": "0.12.26",
  "serial": 24,
  "lineage": "ef4c9d04-189e-fb3f-5bbb-756fc5ff8ad1",
  "outputs": {},
  "resources": [
    {
      "mode": "managed",
      "type": "google_compute_instance",
      "name": "service",
      "provider": "provider.google",
      "instances": [
        {
          "schema_version": 6,
          "attributes": {
            "allow_stopping_for_update": null,
            "attached_disk": [],
            "boot_disk": [
              {
                "auto_delete": true,
                "device_name": "persistent-disk-0",
                "disk_encryption_key_raw": "",
                "disk_encryption_key_sha256": "",
                "initialize_params": [
                  {
                    "image": "https://www.googleapis.com/compute/v1/projects/varokas/global/images/ubuntu-1804-docker",
                    "labels": {},
                    "size": 10,
                    "type": "pd-standard"
                  }
                ],
                "kms_key_self_link": "",
                "mode": "READ_WRITE",
                "source": "https://www.googleapis.com/compute/v1/projects/varokas/zones/us-west1-a/disks/service"
              }
            ],
            "can_ip_forward": false,
            "cpu_platform": "Intel Broadwell",
            "current_status": "RUNNING",
            "deletion_protection": false,
            "description": "",
            "desired_status": null,
            "enable_display": false,
            "guest_accelerator": [],
            "hostname": "",
            "id": "projects/varokas/zones/us-west1-a/instances/service",
            "instance_id": "4124169183366682239",
            "label_fingerprint": "42WmSpB8rSM=",
            "labels": null,
            "machine_type": "f1-micro",
            "metadata": null,
            "metadata_fingerprint": "huJHNJbWxmo=",
            "metadata_startup_script": "",
            "min_cpu_platform": "",
            "name": "service",
            "network_interface": [
              {
                "access_config": [
                  {
                    "nat_ip": "35.233.180.119",
                    "network_tier": "PREMIUM",
                    "public_ptr_domain_name": ""
                  }
                ],
                "alias_ip_range": [],
                "name": "nic0",
                "network": "https://www.googleapis.com/compute/v1/projects/varokas/global/networks/default",
                "network_ip": "10.138.0.13",
                "subnetwork": "https://www.googleapis.com/compute/v1/projects/varokas/regions/us-west1/subnetworks/default",
                "subnetwork_project": "varokas"
              }
            ],
            "project": "varokas",
            "scheduling": [
              {
                "automatic_restart": true,
                "node_affinities": [],
                "on_host_maintenance": "MIGRATE",
                "preemptible": false
              }
            ],
            "scratch_disk": [],
            "self_link": "https://www.googleapis.com/compute/v1/projects/varokas/zones/us-west1-a/instances/service",
            "service_account": [],
            "shielded_instance_config": [
              {
                "enable_integrity_monitoring": true,
                "enable_secure_boot": false,
                "enable_vtpm": true
              }
            ],
            "tags": null,
            "tags_fingerprint": "42WmSpB8rSM=",
            "timeouts": null,
            "zone": "us-west1-a"
          },
          "private": "eyJlMmJmYjczMC1lY2FhLTExZTYtOGY4OC0zNDM2M2JjN2M0YzAiOnsiY3JlYXRlIjoxMjAwMDAwMDAwMDAwLCJkZWxldGUiOjEyMDAwMDAwMDAwMDAsInVwZGF0ZSI6MTIwMDAwMDAwMDAwMH0sInNjaGVtYV92ZXJzaW9uIjoiNiJ9"
        }
      ]
    },
    {
      "mode": "managed",
      "type": "google_compute_project_metadata",
      "name": "default",
      "provider": "provider.google",
      "instances": [
        {
          "schema_version": 0,
          "attributes": {
            "id": "varokas",
            "metadata": {
              "ssh-keys": "ubuntu:ssh-rsa AAAAB3NzaC1yc2EAAAADAQABAAABgQDPPzfS0WTUZHDw+slqklddlB8bJ2p+ZBpBFsw5olHp3+iMjeqyf3acR9PMBoSDmpiFkYwa43wwwuYFQDQPMK+yYqTOkoanCFGx4lGFYfCbKe8L7UJcjzmJvKhliXSHHKZO8NTiZGmzTKrF/mezCXVVL9mKuj6SM0Akio5Xsm8JCny4vvaFlOaOy7lcSutuGP7Cq/8RiwChEsbHvE/WarTNSQU7EnnBix9URGvVz9jd9QMurxmJXuZqFodrUBnylilELScqChgYpR5+xL0yj/4By4GrZjuE5EwHYtLo/ses1WuY/9fdVEP5/6KHQo31Q///KKx38HYP+9bZc679sDXzu2f5k9HoDJyjk3IkMFaFsb4w4Xgm8JsAvL9hGF6rz/PtL067t3dBg/ul9jZso8OmZoCoitwZu42olszFohjBkdq378tpG26QyH0JotHrYOxhyM7xMDaAAF3+L8FJJuY5zHAnw6/g7vDYKE4ZCrgIUuBCQrGHV+TWBdpBqBO5L+s= varokas@Varokass-Mac-mini.local\n"
            },
            "project": "varokas"
          },
          "private": "bnVsbA=="
        }
      ]
    }
  ]
}
